
Microsoft Visual Studio Solution File, Format Version 12.00
# Visual Studio 15
VisualStudioVersion = 15.0.26730.12
MinimumVisualStudioVersion = 10.0.40219.1
Project("{FAE04EC0-301F-11D3-BF4B-00C04F79EFBC}") = "BinarySearchTree", "BinarySearchTree\BinarySearchTree.csproj", "{4CEDC288-C7A8-4A6F-AAC5-F6F232FEE129}"
EndProject
Global
	GlobalSection(SolutionConfigurationPlatforms) = preSolution
		Debug|Any CPU = Debug|Any CPU
		Release|Any CPU = Release|Any CPU
	EndGlobalSection
	GlobalSection(ProjectConfigurationPlatforms) = postSolution
		{4CEDC288-C7A8-4A6F-AAC5-F6F232FEE129}.Debug|Any CPU.ActiveCfg = Debug|Any CPU
		{4CEDC288-C7A8-4A6F-AAC5-F6F232FEE129}.Debug|Any CPU.Build.0 = Debug|Any CPU
		{4CEDC288-C7A8-4A6F-AAC5-F6F232FEE129}.Release|Any CPU.ActiveCfg = Release|Any CPU
		{4CEDC288-C7A8-4A6F-AAC5-F6F232FEE129}.Release|Any CPU.Build.0 = Release|Any CPU
	EndGlobalSection
	GlobalSection(SolutionProperties) = preSolution
		HideSolutionNode = FALSE
	EndGlobalSection
	GlobalSection(ExtensibilityGlobals) = postSolution
		SolutionGuid = {B02F8C9B-74DA-4942-BABB-8AA4C95BB283}
	EndGlobalSection
EndGlobal
